
Microsoft Visual Studio Solution File, Format Version 12.00
# Visual Studio Version 17
VisualStudioVersion = 17.4.33403.182
MinimumVisualStudioVersion = 10.0.40219.1
Project("{9A19103F-16F7-4668-BE54-9A1E7A4F7556}") = "task1", "task1\task1.csproj", "{84B68AE8-4C4A-4490-B26B-4FC273055ABC}"
EndProject
Project("{FAE04EC0-301F-11D3-BF4B-00C04F79EFBC}") = "DataAcessLayer", "DataAcessLayer\DataAcessLayer.csproj", "{2C2AB7F1-7814-46C8-B9E1-655081D029DD}"
EndProject
Project("{FAE04EC0-301F-11D3-BF4B-00C04F79EFBC}") = "BusinessLogicLayer", "BusinessLogicLayer\BusinessLogicLayer.csproj", "{394E4897-385A-4DB9-A5A2-F8786C5462A3}"
EndProject
Project("{FAE04EC0-301F-11D3-BF4B-00C04F79EFBC}") = "task2", "task2\task2.csproj", "{07E96577-956E-42D3-8A64-E2BBC29E3B7C}"
EndProject
Global
	GlobalSection(SolutionConfigurationPlatforms) = preSolution
		Debug|Any CPU = Debug|Any CPU
		Release|Any CPU = Release|Any CPU
	EndGlobalSection
	GlobalSection(ProjectConfigurationPlatforms) = postSolution
		{84B68AE8-4C4A-4490-B26B-4FC273055ABC}.Debug|Any CPU.ActiveCfg = Debug|Any CPU
		{84B68AE8-4C4A-4490-B26B-4FC273055ABC}.Debug|Any CPU.Build.0 = Debug|Any CPU
		{84B68AE8-4C4A-4490-B26B-4FC273055ABC}.Release|Any CPU.ActiveCfg = Release|Any CPU
		{84B68AE8-4C4A-4490-B26B-4FC273055ABC}.Release|Any CPU.Build.0 = Release|Any CPU
		{2C2AB7F1-7814-46C8-B9E1-655081D029DD}.Debug|Any CPU.ActiveCfg = Debug|Any CPU
		{2C2AB7F1-7814-46C8-B9E1-655081D029DD}.Debug|Any CPU.Build.0 = Debug|Any CPU
		{2C2AB7F1-7814-46C8-B9E1-655081D029DD}.Release|Any CPU.ActiveCfg = Release|Any CPU
		{2C2AB7F1-7814-46C8-B9E1-655081D029DD}.Release|Any CPU.Build.0 = Release|Any CPU
		{394E4897-385A-4DB9-A5A2-F8786C5462A3}.Debug|Any CPU.ActiveCfg = Debug|Any CPU
		{394E4897-385A-4DB9-A5A2-F8786C5462A3}.Debug|Any CPU.Build.0 = Debug|Any CPU
		{394E4897-385A-4DB9-A5A2-F8786C5462A3}.Release|Any CPU.ActiveCfg = Release|Any CPU
		{394E4897-385A-4DB9-A5A2-F8786C5462A3}.Release|Any CPU.Build.0 = Release|Any CPU
		{07E96577-956E-42D3-8A64-E2BBC29E3B7C}.Debug|Any CPU.ActiveCfg = Debug|Any CPU
		{07E96577-956E-42D3-8A64-E2BBC29E3B7C}.Debug|Any CPU.Build.0 = Debug|Any CPU
		{07E96577-956E-42D3-8A64-E2BBC29E3B7C}.Release|Any CPU.ActiveCfg = Release|Any CPU
		{07E96577-956E-42D3-8A64-E2BBC29E3B7C}.Release|Any CPU.Build.0 = Release|Any CPU
	EndGlobalSection
	GlobalSection(SolutionProperties) = preSolution
		HideSolutionNode = FALSE
	EndGlobalSection
	GlobalSection(ExtensibilityGlobals) = postSolution
		SolutionGuid = {DEFF5C94-6427-43FE-B057-71484505CA92}
	EndGlobalSection
EndGlobal
