
Microsoft Visual Studio Solution File, Format Version 12.00
# Visual Studio Version 17
VisualStudioVersion = 17.5.33502.453
MinimumVisualStudioVersion = 10.0.40219.1
Project("{FAE04EC0-301F-11D3-BF4B-00C04F79EFBC}") = "task1", "task1\task1.csproj", "{DC39FAC6-0F84-438F-BAD6-613E1469B512}"
EndProject
Global
	GlobalSection(SolutionConfigurationPlatforms) = preSolution
		Debug|Any CPU = Debug|Any CPU
		Release|Any CPU = Release|Any CPU
	EndGlobalSection
	GlobalSection(ProjectConfigurationPlatforms) = postSolution
		{DC39FAC6-0F84-438F-BAD6-613E1469B512}.Debug|Any CPU.ActiveCfg = Debug|Any CPU
		{DC39FAC6-0F84-438F-BAD6-613E1469B512}.Debug|Any CPU.Build.0 = Debug|Any CPU
		{DC39FAC6-0F84-438F-BAD6-613E1469B512}.Release|Any CPU.ActiveCfg = Release|Any CPU
		{DC39FAC6-0F84-438F-BAD6-613E1469B512}.Release|Any CPU.Build.0 = Release|Any CPU
	EndGlobalSection
	GlobalSection(SolutionProperties) = preSolution
		HideSolutionNode = FALSE
	EndGlobalSection
	GlobalSection(ExtensibilityGlobals) = postSolution
		SolutionGuid = {E7D66089-520F-48A0-9AA1-E5784F8ACC80}
	EndGlobalSection
EndGlobal
