
Microsoft Visual Studio Solution File, Format Version 12.00
# Visual Studio Version 17
VisualStudioVersion = 17.5.33502.453
MinimumVisualStudioVersion = 10.0.40219.1
Project("{9A19103F-16F7-4668-BE54-9A1E7A4F7556}") = "task1", "task1\task1.csproj", "{4D52A311-21EB-4C3A-9ED8-E1958E7FF608}"
EndProject
Project("{9A19103F-16F7-4668-BE54-9A1E7A4F7556}") = "SharedModel", "SharedModel\SharedModel.csproj", "{49673CC5-95A0-4CCB-922C-C28B80533F37}"
EndProject
Project("{FAE04EC0-301F-11D3-BF4B-00C04F79EFBC}") = "task1API", "task1API\task1API.csproj", "{C4B68740-0BBA-4FDE-9FB4-3748A13C917D}"
EndProject
Global
	GlobalSection(SolutionConfigurationPlatforms) = preSolution
		Debug|Any CPU = Debug|Any CPU
		Release|Any CPU = Release|Any CPU
	EndGlobalSection
	GlobalSection(ProjectConfigurationPlatforms) = postSolution
		{4D52A311-21EB-4C3A-9ED8-E1958E7FF608}.Debug|Any CPU.ActiveCfg = Debug|Any CPU
		{4D52A311-21EB-4C3A-9ED8-E1958E7FF608}.Debug|Any CPU.Build.0 = Debug|Any CPU
		{4D52A311-21EB-4C3A-9ED8-E1958E7FF608}.Release|Any CPU.ActiveCfg = Release|Any CPU
		{4D52A311-21EB-4C3A-9ED8-E1958E7FF608}.Release|Any CPU.Build.0 = Release|Any CPU
		{49673CC5-95A0-4CCB-922C-C28B80533F37}.Debug|Any CPU.ActiveCfg = Debug|Any CPU
		{49673CC5-95A0-4CCB-922C-C28B80533F37}.Debug|Any CPU.Build.0 = Debug|Any CPU
		{49673CC5-95A0-4CCB-922C-C28B80533F37}.Release|Any CPU.ActiveCfg = Release|Any CPU
		{49673CC5-95A0-4CCB-922C-C28B80533F37}.Release|Any CPU.Build.0 = Release|Any CPU
		{C4B68740-0BBA-4FDE-9FB4-3748A13C917D}.Debug|Any CPU.ActiveCfg = Debug|Any CPU
		{C4B68740-0BBA-4FDE-9FB4-3748A13C917D}.Debug|Any CPU.Build.0 = Debug|Any CPU
		{C4B68740-0BBA-4FDE-9FB4-3748A13C917D}.Release|Any CPU.ActiveCfg = Release|Any CPU
		{C4B68740-0BBA-4FDE-9FB4-3748A13C917D}.Release|Any CPU.Build.0 = Release|Any CPU
	EndGlobalSection
	GlobalSection(SolutionProperties) = preSolution
		HideSolutionNode = FALSE
	EndGlobalSection
	GlobalSection(ExtensibilityGlobals) = postSolution
		SolutionGuid = {1727CBFB-E229-4F4D-9CA1-A669755C3D3A}
	EndGlobalSection
EndGlobal
