
Microsoft Visual Studio Solution File, Format Version 12.00
# Visual Studio Version 16
VisualStudioVersion = 16.0.33529.622
MinimumVisualStudioVersion = 10.0.40219.1
Project("{D2ABAB84-BF74-430A-B69E-9DC6D40DDA17}") = "Day2", "Day2\Day2.dwproj", "{B6BA1159-3A28-4E22-BE3A-06981DBC0186}"
EndProject
Global
	GlobalSection(SolutionConfigurationPlatforms) = preSolution
		Development|Default = Development|Default
	EndGlobalSection
	GlobalSection(ProjectConfigurationPlatforms) = postSolution
		{B6BA1159-3A28-4E22-BE3A-06981DBC0186}.Development|Default.ActiveCfg = Development
		{B6BA1159-3A28-4E22-BE3A-06981DBC0186}.Development|Default.Build.0 = Development
		{B6BA1159-3A28-4E22-BE3A-06981DBC0186}.Development|Default.Deploy.0 = Development
	EndGlobalSection
	GlobalSection(SolutionProperties) = preSolution
		HideSolutionNode = FALSE
	EndGlobalSection
	GlobalSection(ExtensibilityGlobals) = postSolution
		SolutionGuid = {A6C70D62-BE12-4DB9-9FDC-98C9CCDA6190}
	EndGlobalSection
EndGlobal
