
Microsoft Visual Studio Solution File, Format Version 12.00
# Visual Studio Version 17
VisualStudioVersion = 17.5.33424.131
MinimumVisualStudioVersion = 10.0.40219.1
Project("{FAE04EC0-301F-11D3-BF4B-00C04F79EFBC}") = "task1", "task1\task1.csproj", "{4E5A40F4-B571-4212-94FF-532280C6EC38}"
EndProject
Project("{FAE04EC0-301F-11D3-BF4B-00C04F79EFBC}") = "task2", "task2\task2.csproj", "{840F987D-2DE0-4AB4-A3BE-006AE23EA74A}"
EndProject
Project("{FAE04EC0-301F-11D3-BF4B-00C04F79EFBC}") = "task3", "task3\task3.csproj", "{2082E7CB-A906-45AE-A109-06A3CFD0902B}"
EndProject
Project("{FAE04EC0-301F-11D3-BF4B-00C04F79EFBC}") = "task4", "task4\task4.csproj", "{C6F41BEA-B6DE-4EF6-BFD8-7BA03A84A499}"
EndProject
Global
	GlobalSection(SolutionConfigurationPlatforms) = preSolution
		Debug|Any CPU = Debug|Any CPU
		Release|Any CPU = Release|Any CPU
	EndGlobalSection
	GlobalSection(ProjectConfigurationPlatforms) = postSolution
		{4E5A40F4-B571-4212-94FF-532280C6EC38}.Debug|Any CPU.ActiveCfg = Debug|Any CPU
		{4E5A40F4-B571-4212-94FF-532280C6EC38}.Debug|Any CPU.Build.0 = Debug|Any CPU
		{4E5A40F4-B571-4212-94FF-532280C6EC38}.Release|Any CPU.ActiveCfg = Release|Any CPU
		{4E5A40F4-B571-4212-94FF-532280C6EC38}.Release|Any CPU.Build.0 = Release|Any CPU
		{840F987D-2DE0-4AB4-A3BE-006AE23EA74A}.Debug|Any CPU.ActiveCfg = Debug|Any CPU
		{840F987D-2DE0-4AB4-A3BE-006AE23EA74A}.Debug|Any CPU.Build.0 = Debug|Any CPU
		{840F987D-2DE0-4AB4-A3BE-006AE23EA74A}.Release|Any CPU.ActiveCfg = Release|Any CPU
		{840F987D-2DE0-4AB4-A3BE-006AE23EA74A}.Release|Any CPU.Build.0 = Release|Any CPU
		{2082E7CB-A906-45AE-A109-06A3CFD0902B}.Debug|Any CPU.ActiveCfg = Debug|Any CPU
		{2082E7CB-A906-45AE-A109-06A3CFD0902B}.Debug|Any CPU.Build.0 = Debug|Any CPU
		{2082E7CB-A906-45AE-A109-06A3CFD0902B}.Release|Any CPU.ActiveCfg = Release|Any CPU
		{2082E7CB-A906-45AE-A109-06A3CFD0902B}.Release|Any CPU.Build.0 = Release|Any CPU
		{C6F41BEA-B6DE-4EF6-BFD8-7BA03A84A499}.Debug|Any CPU.ActiveCfg = Debug|Any CPU
		{C6F41BEA-B6DE-4EF6-BFD8-7BA03A84A499}.Debug|Any CPU.Build.0 = Debug|Any CPU
		{C6F41BEA-B6DE-4EF6-BFD8-7BA03A84A499}.Release|Any CPU.ActiveCfg = Release|Any CPU
		{C6F41BEA-B6DE-4EF6-BFD8-7BA03A84A499}.Release|Any CPU.Build.0 = Release|Any CPU
	EndGlobalSection
	GlobalSection(SolutionProperties) = preSolution
		HideSolutionNode = FALSE
	EndGlobalSection
	GlobalSection(ExtensibilityGlobals) = postSolution
		SolutionGuid = {9F9756BC-4525-439D-B8C5-D47925D773FE}
	EndGlobalSection
EndGlobal
